
Microsoft Visual Studio Solution File, Format Version 12.00
# Visual Studio Version 16
VisualStudioVersion = 16.0.30011.22
MinimumVisualStudioVersion = 10.0.40219.1
Project("{FAE04EC0-301F-11D3-BF4B-00C04F79EFBC}") = "MementoDesign", "MementoDesign\MementoDesign.csproj", "{C37553A7-DE9D-4B91-9E5F-FC72F19C173B}"
EndProject
Global
	GlobalSection(SolutionConfigurationPlatforms) = preSolution
		Debug|Any CPU = Debug|Any CPU
		Release|Any CPU = Release|Any CPU
	EndGlobalSection
	GlobalSection(ProjectConfigurationPlatforms) = postSolution
		{C37553A7-DE9D-4B91-9E5F-FC72F19C173B}.Debug|Any CPU.ActiveCfg = Debug|Any CPU
		{C37553A7-DE9D-4B91-9E5F-FC72F19C173B}.Debug|Any CPU.Build.0 = Debug|Any CPU
		{C37553A7-DE9D-4B91-9E5F-FC72F19C173B}.Release|Any CPU.ActiveCfg = Release|Any CPU
		{C37553A7-DE9D-4B91-9E5F-FC72F19C173B}.Release|Any CPU.Build.0 = Release|Any CPU
	EndGlobalSection
	GlobalSection(SolutionProperties) = preSolution
		HideSolutionNode = FALSE
	EndGlobalSection
	GlobalSection(ExtensibilityGlobals) = postSolution
		SolutionGuid = {B9CE638C-69AC-4701-8E5F-C5B84CBF7987}
	EndGlobalSection
EndGlobal
