
Microsoft Visual Studio Solution File, Format Version 12.00
# Visual Studio Version 16
VisualStudioVersion = 16.0.30011.22
MinimumVisualStudioVersion = 10.0.40219.1
Project("{FAE04EC0-301F-11D3-BF4B-00C04F79EFBC}") = "TelafiDers", "TelafiDers\TelafiDers.csproj", "{00044041-E3A4-416E-8F4B-EC48477B9136}"
EndProject
Project("{FAE04EC0-301F-11D3-BF4B-00C04F79EFBC}") = "TelafiWeb", "TelafiWeb\TelafiWeb.csproj", "{9E735023-9F83-45A3-8304-E7D19148D761}"
EndProject
Global
	GlobalSection(SolutionConfigurationPlatforms) = preSolution
		Debug|Any CPU = Debug|Any CPU
		Release|Any CPU = Release|Any CPU
	EndGlobalSection
	GlobalSection(ProjectConfigurationPlatforms) = postSolution
		{00044041-E3A4-416E-8F4B-EC48477B9136}.Debug|Any CPU.ActiveCfg = Debug|Any CPU
		{00044041-E3A4-416E-8F4B-EC48477B9136}.Debug|Any CPU.Build.0 = Debug|Any CPU
		{00044041-E3A4-416E-8F4B-EC48477B9136}.Release|Any CPU.ActiveCfg = Release|Any CPU
		{00044041-E3A4-416E-8F4B-EC48477B9136}.Release|Any CPU.Build.0 = Release|Any CPU
		{9E735023-9F83-45A3-8304-E7D19148D761}.Debug|Any CPU.ActiveCfg = Debug|Any CPU
		{9E735023-9F83-45A3-8304-E7D19148D761}.Debug|Any CPU.Build.0 = Debug|Any CPU
		{9E735023-9F83-45A3-8304-E7D19148D761}.Release|Any CPU.ActiveCfg = Release|Any CPU
		{9E735023-9F83-45A3-8304-E7D19148D761}.Release|Any CPU.Build.0 = Release|Any CPU
	EndGlobalSection
	GlobalSection(SolutionProperties) = preSolution
		HideSolutionNode = FALSE
	EndGlobalSection
	GlobalSection(ExtensibilityGlobals) = postSolution
		SolutionGuid = {1A13499D-DEB5-4DDD-8FB5-8F7EC9547374}
	EndGlobalSection
EndGlobal
